
Microsoft Visual Studio Solution File, Format Version 12.00
# Visual Studio 15
VisualStudioVersion = 15.0.26124.0
MinimumVisualStudioVersion = 15.0.26124.0
Project("{2150E333-8FDC-42A3-9474-1A3956D46DE8}") = "Microservices", "Microservices", "{7598DFCB-218E-428B-8A7C-335E2E5515E2}"
EndProject
Project("{2150E333-8FDC-42A3-9474-1A3956D46DE8}") = "Activity", "Activity", "{02E9B9DD-45D3-46D4-A19A-B5058B77458B}"
EndProject
Project("{2150E333-8FDC-42A3-9474-1A3956D46DE8}") = "Domain", "Domain", "{E3C58C8E-8045-4C11-B3C9-A8DB807E0489}"
EndProject
Project("{FAE04EC0-301F-11D3-BF4B-00C04F79EFBC}") = "MyOnlineScheduler-API.Activity.Domain", "Microservices\Activity\Domain\MyOnlineScheduler-API.Activity.Domain\MyOnlineScheduler-API.Activity.Domain.csproj", "{720BF1DC-ECD6-46B3-AA91-7FED4159EA23}"
EndProject
Project("{2150E333-8FDC-42A3-9474-1A3956D46DE8}") = "Data", "Data", "{2348400C-B493-4EA4-9020-0334F4C7C664}"
EndProject
Project("{FAE04EC0-301F-11D3-BF4B-00C04F79EFBC}") = "MyOnlineScheduler-API.Activity.Data", "Microservices\Activity\Data\MyOnlineScheduler-API.Activity.Data\MyOnlineScheduler-API.Activity.Data.csproj", "{87DE4948-159F-45FA-9C78-121F5BC17B0D}"
EndProject
Project("{2150E333-8FDC-42A3-9474-1A3956D46DE8}") = "Application", "Application", "{88AAF42F-F8A2-4199-A04C-00A2E7CD9F61}"
EndProject
Project("{FAE04EC0-301F-11D3-BF4B-00C04F79EFBC}") = "MyOnlineScheduler-API.Activity.Application", "Microservices\Activity\Application\MyOnlineScheduler-API.Activity.Application\MyOnlineScheduler-API.Activity.Application.csproj", "{712B2EBF-1AAB-4DD9-9BD4-7D34D9E419F5}"
EndProject
Project("{2150E333-8FDC-42A3-9474-1A3956D46DE8}") = "Api", "Api", "{4DC54190-7A4A-43B1-BF5A-F886C4152DBC}"
EndProject
Project("{FAE04EC0-301F-11D3-BF4B-00C04F79EFBC}") = "MyOnlineScheduler-API.Activity.Api", "Microservices\Activity\Api\MyOnlineScheduler-API.Activity.Api\MyOnlineScheduler-API.Activity.Api.csproj", "{FC9339A8-F550-4D66-8985-AA341A9EA676}"
EndProject
Project("{FAE04EC0-301F-11D3-BF4B-00C04F79EFBC}") = "Infra.IOC", "Infra.IOC\Infra.IOC.csproj", "{56D9FBD7-E98C-40C8-AFEF-EDAA15AAE028}"
EndProject
Project("{2150E333-8FDC-42A3-9474-1A3956D46DE8}") = "Users", "Users", "{6C88761B-C230-4AFC-B84A-F9BF2A23E8D3}"
EndProject
Project("{2150E333-8FDC-42A3-9474-1A3956D46DE8}") = "Domain", "Domain", "{D3A05784-1AD0-46C4-8ABD-5BFF0D2DFD89}"
EndProject
Project("{FAE04EC0-301F-11D3-BF4B-00C04F79EFBC}") = "MyOnlineScheduler-API.Users.Domain", "Microservices\Users\Domain\MyOnlineScheduler-API.Users.Domain\MyOnlineScheduler-API.Users.Domain.csproj", "{AA8F2BE4-A609-4324-92D8-90871DA6A8D8}"
EndProject
Project("{2150E333-8FDC-42A3-9474-1A3956D46DE8}") = "Data", "Data", "{E4103A50-56A7-4198-A27D-90514881197F}"
EndProject
Project("{FAE04EC0-301F-11D3-BF4B-00C04F79EFBC}") = "MyOnlineScheduler-API.Users.Data", "Microservices\Users\Data\MyOnlineScheduler-API.Users.Data\MyOnlineScheduler-API.Users.Data.csproj", "{DDD64E26-A11B-4EEF-BB7D-C058562305DD}"
EndProject
Project("{2150E333-8FDC-42A3-9474-1A3956D46DE8}") = "Application", "Application", "{D33618C7-BEEF-42AB-87B3-771337F37989}"
EndProject
Project("{FAE04EC0-301F-11D3-BF4B-00C04F79EFBC}") = "MyOnlineScheduler-API.Users.Application", "Microservices\Users\Application\MyOnlineScheduler-API.Users.Application\MyOnlineScheduler-API.Users.Application.csproj", "{609F2B64-07CC-49EF-B15B-6B6141EFDBA2}"
EndProject
Project("{2150E333-8FDC-42A3-9474-1A3956D46DE8}") = "Api", "Api", "{8C7F314A-E03C-475C-9F1E-750BE16DACC5}"
EndProject
Project("{FAE04EC0-301F-11D3-BF4B-00C04F79EFBC}") = "MyOnlineScheduler-API.Users.Api", "Microservices\Users\Api\MyOnlineScheduler-API.Users.Api\MyOnlineScheduler-API.Users.Api.csproj", "{A1D0494A-F436-4A0B-9F90-4B5DDCE0B7F4}"
EndProject
Global
	GlobalSection(SolutionConfigurationPlatforms) = preSolution
		Debug|Any CPU = Debug|Any CPU
		Debug|x64 = Debug|x64
		Debug|x86 = Debug|x86
		Release|Any CPU = Release|Any CPU
		Release|x64 = Release|x64
		Release|x86 = Release|x86
	EndGlobalSection
	GlobalSection(SolutionProperties) = preSolution
		HideSolutionNode = FALSE
	EndGlobalSection
	GlobalSection(ProjectConfigurationPlatforms) = postSolution
		{720BF1DC-ECD6-46B3-AA91-7FED4159EA23}.Debug|Any CPU.ActiveCfg = Debug|Any CPU
		{720BF1DC-ECD6-46B3-AA91-7FED4159EA23}.Debug|Any CPU.Build.0 = Debug|Any CPU
		{720BF1DC-ECD6-46B3-AA91-7FED4159EA23}.Debug|x64.ActiveCfg = Debug|Any CPU
		{720BF1DC-ECD6-46B3-AA91-7FED4159EA23}.Debug|x64.Build.0 = Debug|Any CPU
		{720BF1DC-ECD6-46B3-AA91-7FED4159EA23}.Debug|x86.ActiveCfg = Debug|Any CPU
		{720BF1DC-ECD6-46B3-AA91-7FED4159EA23}.Debug|x86.Build.0 = Debug|Any CPU
		{720BF1DC-ECD6-46B3-AA91-7FED4159EA23}.Release|Any CPU.ActiveCfg = Release|Any CPU
		{720BF1DC-ECD6-46B3-AA91-7FED4159EA23}.Release|Any CPU.Build.0 = Release|Any CPU
		{720BF1DC-ECD6-46B3-AA91-7FED4159EA23}.Release|x64.ActiveCfg = Release|Any CPU
		{720BF1DC-ECD6-46B3-AA91-7FED4159EA23}.Release|x64.Build.0 = Release|Any CPU
		{720BF1DC-ECD6-46B3-AA91-7FED4159EA23}.Release|x86.ActiveCfg = Release|Any CPU
		{720BF1DC-ECD6-46B3-AA91-7FED4159EA23}.Release|x86.Build.0 = Release|Any CPU
		{87DE4948-159F-45FA-9C78-121F5BC17B0D}.Debug|Any CPU.ActiveCfg = Debug|Any CPU
		{87DE4948-159F-45FA-9C78-121F5BC17B0D}.Debug|Any CPU.Build.0 = Debug|Any CPU
		{87DE4948-159F-45FA-9C78-121F5BC17B0D}.Debug|x64.ActiveCfg = Debug|Any CPU
		{87DE4948-159F-45FA-9C78-121F5BC17B0D}.Debug|x64.Build.0 = Debug|Any CPU
		{87DE4948-159F-45FA-9C78-121F5BC17B0D}.Debug|x86.ActiveCfg = Debug|Any CPU
		{87DE4948-159F-45FA-9C78-121F5BC17B0D}.Debug|x86.Build.0 = Debug|Any CPU
		{87DE4948-159F-45FA-9C78-121F5BC17B0D}.Release|Any CPU.ActiveCfg = Release|Any CPU
		{87DE4948-159F-45FA-9C78-121F5BC17B0D}.Release|Any CPU.Build.0 = Release|Any CPU
		{87DE4948-159F-45FA-9C78-121F5BC17B0D}.Release|x64.ActiveCfg = Release|Any CPU
		{87DE4948-159F-45FA-9C78-121F5BC17B0D}.Release|x64.Build.0 = Release|Any CPU
		{87DE4948-159F-45FA-9C78-121F5BC17B0D}.Release|x86.ActiveCfg = Release|Any CPU
		{87DE4948-159F-45FA-9C78-121F5BC17B0D}.Release|x86.Build.0 = Release|Any CPU
		{712B2EBF-1AAB-4DD9-9BD4-7D34D9E419F5}.Debug|Any CPU.ActiveCfg = Debug|Any CPU
		{712B2EBF-1AAB-4DD9-9BD4-7D34D9E419F5}.Debug|Any CPU.Build.0 = Debug|Any CPU
		{712B2EBF-1AAB-4DD9-9BD4-7D34D9E419F5}.Debug|x64.ActiveCfg = Debug|Any CPU
		{712B2EBF-1AAB-4DD9-9BD4-7D34D9E419F5}.Debug|x64.Build.0 = Debug|Any CPU
		{712B2EBF-1AAB-4DD9-9BD4-7D34D9E419F5}.Debug|x86.ActiveCfg = Debug|Any CPU
		{712B2EBF-1AAB-4DD9-9BD4-7D34D9E419F5}.Debug|x86.Build.0 = Debug|Any CPU
		{712B2EBF-1AAB-4DD9-9BD4-7D34D9E419F5}.Release|Any CPU.ActiveCfg = Release|Any CPU
		{712B2EBF-1AAB-4DD9-9BD4-7D34D9E419F5}.Release|Any CPU.Build.0 = Release|Any CPU
		{712B2EBF-1AAB-4DD9-9BD4-7D34D9E419F5}.Release|x64.ActiveCfg = Release|Any CPU
		{712B2EBF-1AAB-4DD9-9BD4-7D34D9E419F5}.Release|x64.Build.0 = Release|Any CPU
		{712B2EBF-1AAB-4DD9-9BD4-7D34D9E419F5}.Release|x86.ActiveCfg = Release|Any CPU
		{712B2EBF-1AAB-4DD9-9BD4-7D34D9E419F5}.Release|x86.Build.0 = Release|Any CPU
		{FC9339A8-F550-4D66-8985-AA341A9EA676}.Debug|Any CPU.ActiveCfg = Debug|Any CPU
		{FC9339A8-F550-4D66-8985-AA341A9EA676}.Debug|Any CPU.Build.0 = Debug|Any CPU
		{FC9339A8-F550-4D66-8985-AA341A9EA676}.Debug|x64.ActiveCfg = Debug|Any CPU
		{FC9339A8-F550-4D66-8985-AA341A9EA676}.Debug|x64.Build.0 = Debug|Any CPU
		{FC9339A8-F550-4D66-8985-AA341A9EA676}.Debug|x86.ActiveCfg = Debug|Any CPU
		{FC9339A8-F550-4D66-8985-AA341A9EA676}.Debug|x86.Build.0 = Debug|Any CPU
		{FC9339A8-F550-4D66-8985-AA341A9EA676}.Release|Any CPU.ActiveCfg = Release|Any CPU
		{FC9339A8-F550-4D66-8985-AA341A9EA676}.Release|Any CPU.Build.0 = Release|Any CPU
		{FC9339A8-F550-4D66-8985-AA341A9EA676}.Release|x64.ActiveCfg = Release|Any CPU
		{FC9339A8-F550-4D66-8985-AA341A9EA676}.Release|x64.Build.0 = Release|Any CPU
		{FC9339A8-F550-4D66-8985-AA341A9EA676}.Release|x86.ActiveCfg = Release|Any CPU
		{FC9339A8-F550-4D66-8985-AA341A9EA676}.Release|x86.Build.0 = Release|Any CPU
		{56D9FBD7-E98C-40C8-AFEF-EDAA15AAE028}.Debug|Any CPU.ActiveCfg = Debug|Any CPU
		{56D9FBD7-E98C-40C8-AFEF-EDAA15AAE028}.Debug|Any CPU.Build.0 = Debug|Any CPU
		{56D9FBD7-E98C-40C8-AFEF-EDAA15AAE028}.Debug|x64.ActiveCfg = Debug|Any CPU
		{56D9FBD7-E98C-40C8-AFEF-EDAA15AAE028}.Debug|x64.Build.0 = Debug|Any CPU
		{56D9FBD7-E98C-40C8-AFEF-EDAA15AAE028}.Debug|x86.ActiveCfg = Debug|Any CPU
		{56D9FBD7-E98C-40C8-AFEF-EDAA15AAE028}.Debug|x86.Build.0 = Debug|Any CPU
		{56D9FBD7-E98C-40C8-AFEF-EDAA15AAE028}.Release|Any CPU.ActiveCfg = Release|Any CPU
		{56D9FBD7-E98C-40C8-AFEF-EDAA15AAE028}.Release|Any CPU.Build.0 = Release|Any CPU
		{56D9FBD7-E98C-40C8-AFEF-EDAA15AAE028}.Release|x64.ActiveCfg = Release|Any CPU
		{56D9FBD7-E98C-40C8-AFEF-EDAA15AAE028}.Release|x64.Build.0 = Release|Any CPU
		{56D9FBD7-E98C-40C8-AFEF-EDAA15AAE028}.Release|x86.ActiveCfg = Release|Any CPU
		{56D9FBD7-E98C-40C8-AFEF-EDAA15AAE028}.Release|x86.Build.0 = Release|Any CPU
		{AA8F2BE4-A609-4324-92D8-90871DA6A8D8}.Debug|Any CPU.ActiveCfg = Debug|Any CPU
		{AA8F2BE4-A609-4324-92D8-90871DA6A8D8}.Debug|Any CPU.Build.0 = Debug|Any CPU
		{AA8F2BE4-A609-4324-92D8-90871DA6A8D8}.Debug|x64.ActiveCfg = Debug|Any CPU
		{AA8F2BE4-A609-4324-92D8-90871DA6A8D8}.Debug|x64.Build.0 = Debug|Any CPU
		{AA8F2BE4-A609-4324-92D8-90871DA6A8D8}.Debug|x86.ActiveCfg = Debug|Any CPU
		{AA8F2BE4-A609-4324-92D8-90871DA6A8D8}.Debug|x86.Build.0 = Debug|Any CPU
		{AA8F2BE4-A609-4324-92D8-90871DA6A8D8}.Release|Any CPU.ActiveCfg = Release|Any CPU
		{AA8F2BE4-A609-4324-92D8-90871DA6A8D8}.Release|Any CPU.Build.0 = Release|Any CPU
		{AA8F2BE4-A609-4324-92D8-90871DA6A8D8}.Release|x64.ActiveCfg = Release|Any CPU
		{AA8F2BE4-A609-4324-92D8-90871DA6A8D8}.Release|x64.Build.0 = Release|Any CPU
		{AA8F2BE4-A609-4324-92D8-90871DA6A8D8}.Release|x86.ActiveCfg = Release|Any CPU
		{AA8F2BE4-A609-4324-92D8-90871DA6A8D8}.Release|x86.Build.0 = Release|Any CPU
		{DDD64E26-A11B-4EEF-BB7D-C058562305DD}.Debug|Any CPU.ActiveCfg = Debug|Any CPU
		{DDD64E26-A11B-4EEF-BB7D-C058562305DD}.Debug|Any CPU.Build.0 = Debug|Any CPU
		{DDD64E26-A11B-4EEF-BB7D-C058562305DD}.Debug|x64.ActiveCfg = Debug|Any CPU
		{DDD64E26-A11B-4EEF-BB7D-C058562305DD}.Debug|x64.Build.0 = Debug|Any CPU
		{DDD64E26-A11B-4EEF-BB7D-C058562305DD}.Debug|x86.ActiveCfg = Debug|Any CPU
		{DDD64E26-A11B-4EEF-BB7D-C058562305DD}.Debug|x86.Build.0 = Debug|Any CPU
		{DDD64E26-A11B-4EEF-BB7D-C058562305DD}.Release|Any CPU.ActiveCfg = Release|Any CPU
		{DDD64E26-A11B-4EEF-BB7D-C058562305DD}.Release|Any CPU.Build.0 = Release|Any CPU
		{DDD64E26-A11B-4EEF-BB7D-C058562305DD}.Release|x64.ActiveCfg = Release|Any CPU
		{DDD64E26-A11B-4EEF-BB7D-C058562305DD}.Release|x64.Build.0 = Release|Any CPU
		{DDD64E26-A11B-4EEF-BB7D-C058562305DD}.Release|x86.ActiveCfg = Release|Any CPU
		{DDD64E26-A11B-4EEF-BB7D-C058562305DD}.Release|x86.Build.0 = Release|Any CPU
		{609F2B64-07CC-49EF-B15B-6B6141EFDBA2}.Debug|Any CPU.ActiveCfg = Debug|Any CPU
		{609F2B64-07CC-49EF-B15B-6B6141EFDBA2}.Debug|Any CPU.Build.0 = Debug|Any CPU
		{609F2B64-07CC-49EF-B15B-6B6141EFDBA2}.Debug|x64.ActiveCfg = Debug|Any CPU
		{609F2B64-07CC-49EF-B15B-6B6141EFDBA2}.Debug|x64.Build.0 = Debug|Any CPU
		{609F2B64-07CC-49EF-B15B-6B6141EFDBA2}.Debug|x86.ActiveCfg = Debug|Any CPU
		{609F2B64-07CC-49EF-B15B-6B6141EFDBA2}.Debug|x86.Build.0 = Debug|Any CPU
		{609F2B64-07CC-49EF-B15B-6B6141EFDBA2}.Release|Any CPU.ActiveCfg = Release|Any CPU
		{609F2B64-07CC-49EF-B15B-6B6141EFDBA2}.Release|Any CPU.Build.0 = Release|Any CPU
		{609F2B64-07CC-49EF-B15B-6B6141EFDBA2}.Release|x64.ActiveCfg = Release|Any CPU
		{609F2B64-07CC-49EF-B15B-6B6141EFDBA2}.Release|x64.Build.0 = Release|Any CPU
		{609F2B64-07CC-49EF-B15B-6B6141EFDBA2}.Release|x86.ActiveCfg = Release|Any CPU
		{609F2B64-07CC-49EF-B15B-6B6141EFDBA2}.Release|x86.Build.0 = Release|Any CPU
		{A1D0494A-F436-4A0B-9F90-4B5DDCE0B7F4}.Debug|Any CPU.ActiveCfg = Debug|Any CPU
		{A1D0494A-F436-4A0B-9F90-4B5DDCE0B7F4}.Debug|Any CPU.Build.0 = Debug|Any CPU
		{A1D0494A-F436-4A0B-9F90-4B5DDCE0B7F4}.Debug|x64.ActiveCfg = Debug|Any CPU
		{A1D0494A-F436-4A0B-9F90-4B5DDCE0B7F4}.Debug|x64.Build.0 = Debug|Any CPU
		{A1D0494A-F436-4A0B-9F90-4B5DDCE0B7F4}.Debug|x86.ActiveCfg = Debug|Any CPU
		{A1D0494A-F436-4A0B-9F90-4B5DDCE0B7F4}.Debug|x86.Build.0 = Debug|Any CPU
		{A1D0494A-F436-4A0B-9F90-4B5DDCE0B7F4}.Release|Any CPU.ActiveCfg = Release|Any CPU
		{A1D0494A-F436-4A0B-9F90-4B5DDCE0B7F4}.Release|Any CPU.Build.0 = Release|Any CPU
		{A1D0494A-F436-4A0B-9F90-4B5DDCE0B7F4}.Release|x64.ActiveCfg = Release|Any CPU
		{A1D0494A-F436-4A0B-9F90-4B5DDCE0B7F4}.Release|x64.Build.0 = Release|Any CPU
		{A1D0494A-F436-4A0B-9F90-4B5DDCE0B7F4}.Release|x86.ActiveCfg = Release|Any CPU
		{A1D0494A-F436-4A0B-9F90-4B5DDCE0B7F4}.Release|x86.Build.0 = Release|Any CPU
	EndGlobalSection
	GlobalSection(NestedProjects) = preSolution
		{02E9B9DD-45D3-46D4-A19A-B5058B77458B} = {7598DFCB-218E-428B-8A7C-335E2E5515E2}
		{E3C58C8E-8045-4C11-B3C9-A8DB807E0489} = {02E9B9DD-45D3-46D4-A19A-B5058B77458B}
		{720BF1DC-ECD6-46B3-AA91-7FED4159EA23} = {E3C58C8E-8045-4C11-B3C9-A8DB807E0489}
		{2348400C-B493-4EA4-9020-0334F4C7C664} = {02E9B9DD-45D3-46D4-A19A-B5058B77458B}
		{87DE4948-159F-45FA-9C78-121F5BC17B0D} = {2348400C-B493-4EA4-9020-0334F4C7C664}
		{88AAF42F-F8A2-4199-A04C-00A2E7CD9F61} = {02E9B9DD-45D3-46D4-A19A-B5058B77458B}
		{712B2EBF-1AAB-4DD9-9BD4-7D34D9E419F5} = {88AAF42F-F8A2-4199-A04C-00A2E7CD9F61}
		{4DC54190-7A4A-43B1-BF5A-F886C4152DBC} = {02E9B9DD-45D3-46D4-A19A-B5058B77458B}
		{FC9339A8-F550-4D66-8985-AA341A9EA676} = {4DC54190-7A4A-43B1-BF5A-F886C4152DBC}
		{6C88761B-C230-4AFC-B84A-F9BF2A23E8D3} = {7598DFCB-218E-428B-8A7C-335E2E5515E2}
		{D3A05784-1AD0-46C4-8ABD-5BFF0D2DFD89} = {6C88761B-C230-4AFC-B84A-F9BF2A23E8D3}
		{AA8F2BE4-A609-4324-92D8-90871DA6A8D8} = {D3A05784-1AD0-46C4-8ABD-5BFF0D2DFD89}
		{E4103A50-56A7-4198-A27D-90514881197F} = {6C88761B-C230-4AFC-B84A-F9BF2A23E8D3}
		{DDD64E26-A11B-4EEF-BB7D-C058562305DD} = {E4103A50-56A7-4198-A27D-90514881197F}
		{D33618C7-BEEF-42AB-87B3-771337F37989} = {6C88761B-C230-4AFC-B84A-F9BF2A23E8D3}
		{609F2B64-07CC-49EF-B15B-6B6141EFDBA2} = {D33618C7-BEEF-42AB-87B3-771337F37989}
		{8C7F314A-E03C-475C-9F1E-750BE16DACC5} = {6C88761B-C230-4AFC-B84A-F9BF2A23E8D3}
		{A1D0494A-F436-4A0B-9F90-4B5DDCE0B7F4} = {8C7F314A-E03C-475C-9F1E-750BE16DACC5}
	EndGlobalSection
EndGlobal
