
Microsoft Visual Studio Solution File, Format Version 12.00
# Visual Studio Version 16
VisualStudioVersion = 16.0.30309.148
MinimumVisualStudioVersion = 10.0.40219.1
Project("{2150E333-8FDC-42A3-9474-1A3956D46DE8}") = "Infra.IOC", "Infra.IOC", "{1C7A27B0-A4DD-4A99-8BEC-1A8192225F8C}"
EndProject
Project("{2150E333-8FDC-42A3-9474-1A3956D46DE8}") = "Microservices", "Microservices", "{7B63E0A8-9024-4D5A-919A-AC209D942CCC}"
EndProject
Project("{2150E333-8FDC-42A3-9474-1A3956D46DE8}") = "Activity", "Activity", "{B25049EB-7781-4761-8432-859F696C9AA7}"
EndProject
Project("{2150E333-8FDC-42A3-9474-1A3956D46DE8}") = "Users", "Users", "{413337C0-0513-44DC-9C95-BCE49CA855EA}"
EndProject
Project("{2150E333-8FDC-42A3-9474-1A3956D46DE8}") = "Api", "Api", "{56D771C5-CFC3-49A2-B077-C6BF125E44F3}"
EndProject
Project("{2150E333-8FDC-42A3-9474-1A3956D46DE8}") = "Application", "Application", "{7C344CEB-1B2D-4B8E-AA26-83F711FCDD7C}"
EndProject
Project("{2150E333-8FDC-42A3-9474-1A3956D46DE8}") = "Data", "Data", "{C0FD9D49-CC9D-4A40-9F67-43B088D6D334}"
EndProject
Project("{2150E333-8FDC-42A3-9474-1A3956D46DE8}") = "Domain", "Domain", "{D0CE3E36-E6F2-444D-939A-F3F4BE7C8C0E}"
EndProject
Project("{2150E333-8FDC-42A3-9474-1A3956D46DE8}") = "Api", "Api", "{E19D7D95-C94B-4536-B836-D707D0683C57}"
EndProject
Project("{2150E333-8FDC-42A3-9474-1A3956D46DE8}") = "Application", "Application", "{301420E0-D00A-4AF2-AAD0-DA9807C1FA7E}"
EndProject
Project("{2150E333-8FDC-42A3-9474-1A3956D46DE8}") = "Data", "Data", "{6B036274-9BBC-4D4B-99BF-10EA92C1AD05}"
EndProject
Project("{2150E333-8FDC-42A3-9474-1A3956D46DE8}") = "Domain", "Domain", "{0B208A32-7402-4D45-89D5-EB19B92476C5}"
EndProject
Project("{FAE04EC0-301F-11D3-BF4B-00C04F79EFBC}") = "MyOnlineScheduler.Activity.Domain", "MyOnlineScheduler.Activity.Domain\MyOnlineScheduler.Activity.Domain.csproj", "{5C66A912-E248-43BE-A1D6-FDD382584664}"
EndProject
Project("{FAE04EC0-301F-11D3-BF4B-00C04F79EFBC}") = "MyOnlineScheduler.Activity.Data", "MyOnlineScheduler.Activity.Data\MyOnlineScheduler.Activity.Data.csproj", "{77BFAC89-358C-451C-B193-B663902E8800}"
EndProject
Project("{FAE04EC0-301F-11D3-BF4B-00C04F79EFBC}") = "MyOnlineScheduler.Activity.Application", "MyOnlineScheduler.Activity.Application\MyOnlineScheduler.Activity.Application.csproj", "{D93B1626-ECF7-4A48-870B-276C1B8E843E}"
EndProject
Project("{FAE04EC0-301F-11D3-BF4B-00C04F79EFBC}") = "MyOnlineScheduler.Activity.Api", "MyOnlineScheduler.Activity.Api\MyOnlineScheduler.Activity.Api.csproj", "{0F0FDACE-9C3E-4F77-A960-16D0FBDAE75A}"
EndProject
Project("{FAE04EC0-301F-11D3-BF4B-00C04F79EFBC}") = "MyOnlineScheduler.Infra.IOC", "MyOnlineScheduler.Infra.IOC\MyOnlineScheduler.Infra.IOC.csproj", "{90CABE02-603C-4E48-9457-E66DDCC24FA3}"
EndProject
Project("{FAE04EC0-301F-11D3-BF4B-00C04F79EFBC}") = "MyOnlineScheduler.Users.Api", "MyOnlineScheduler.Users.Api\MyOnlineScheduler.Users.Api.csproj", "{82FF78A4-BAC5-457A-9B63-77F112E568C4}"
EndProject
Project("{FAE04EC0-301F-11D3-BF4B-00C04F79EFBC}") = "MyOnlineScheduler.Users.Application", "MyOnlineScheduler.Users.Application\MyOnlineScheduler.Users.Application.csproj", "{542E9ABD-F770-49B2-B079-FA3E3A94BD4B}"
EndProject
Project("{FAE04EC0-301F-11D3-BF4B-00C04F79EFBC}") = "MyOnlineScheduler.Users.Data", "MyOnlineScheduler.Users.Data\MyOnlineScheduler.Users.Data.csproj", "{3332C47A-2463-464D-83AC-6C7A9E3A9C99}"
EndProject
Project("{FAE04EC0-301F-11D3-BF4B-00C04F79EFBC}") = "MyOnlineScheduler.Users.Domain", "MyOnlineScheduler.Users.Domain\MyOnlineScheduler.Users.Domain.csproj", "{A3B203DB-28E7-4BA8-9BBE-62EF09C47EEB}"
EndProject
Global
	GlobalSection(SolutionConfigurationPlatforms) = preSolution
		Debug|Any CPU = Debug|Any CPU
		Release|Any CPU = Release|Any CPU
	EndGlobalSection
	GlobalSection(ProjectConfigurationPlatforms) = postSolution
		{5C66A912-E248-43BE-A1D6-FDD382584664}.Debug|Any CPU.ActiveCfg = Debug|Any CPU
		{5C66A912-E248-43BE-A1D6-FDD382584664}.Debug|Any CPU.Build.0 = Debug|Any CPU
		{5C66A912-E248-43BE-A1D6-FDD382584664}.Release|Any CPU.ActiveCfg = Release|Any CPU
		{5C66A912-E248-43BE-A1D6-FDD382584664}.Release|Any CPU.Build.0 = Release|Any CPU
		{77BFAC89-358C-451C-B193-B663902E8800}.Debug|Any CPU.ActiveCfg = Debug|Any CPU
		{77BFAC89-358C-451C-B193-B663902E8800}.Debug|Any CPU.Build.0 = Debug|Any CPU
		{77BFAC89-358C-451C-B193-B663902E8800}.Release|Any CPU.ActiveCfg = Release|Any CPU
		{77BFAC89-358C-451C-B193-B663902E8800}.Release|Any CPU.Build.0 = Release|Any CPU
		{D93B1626-ECF7-4A48-870B-276C1B8E843E}.Debug|Any CPU.ActiveCfg = Debug|Any CPU
		{D93B1626-ECF7-4A48-870B-276C1B8E843E}.Debug|Any CPU.Build.0 = Debug|Any CPU
		{D93B1626-ECF7-4A48-870B-276C1B8E843E}.Release|Any CPU.ActiveCfg = Release|Any CPU
		{D93B1626-ECF7-4A48-870B-276C1B8E843E}.Release|Any CPU.Build.0 = Release|Any CPU
		{0F0FDACE-9C3E-4F77-A960-16D0FBDAE75A}.Debug|Any CPU.ActiveCfg = Debug|Any CPU
		{0F0FDACE-9C3E-4F77-A960-16D0FBDAE75A}.Debug|Any CPU.Build.0 = Debug|Any CPU
		{0F0FDACE-9C3E-4F77-A960-16D0FBDAE75A}.Release|Any CPU.ActiveCfg = Release|Any CPU
		{0F0FDACE-9C3E-4F77-A960-16D0FBDAE75A}.Release|Any CPU.Build.0 = Release|Any CPU
		{90CABE02-603C-4E48-9457-E66DDCC24FA3}.Debug|Any CPU.ActiveCfg = Debug|Any CPU
		{90CABE02-603C-4E48-9457-E66DDCC24FA3}.Debug|Any CPU.Build.0 = Debug|Any CPU
		{90CABE02-603C-4E48-9457-E66DDCC24FA3}.Release|Any CPU.ActiveCfg = Release|Any CPU
		{90CABE02-603C-4E48-9457-E66DDCC24FA3}.Release|Any CPU.Build.0 = Release|Any CPU
		{82FF78A4-BAC5-457A-9B63-77F112E568C4}.Debug|Any CPU.ActiveCfg = Debug|Any CPU
		{82FF78A4-BAC5-457A-9B63-77F112E568C4}.Debug|Any CPU.Build.0 = Debug|Any CPU
		{82FF78A4-BAC5-457A-9B63-77F112E568C4}.Release|Any CPU.ActiveCfg = Release|Any CPU
		{82FF78A4-BAC5-457A-9B63-77F112E568C4}.Release|Any CPU.Build.0 = Release|Any CPU
		{542E9ABD-F770-49B2-B079-FA3E3A94BD4B}.Debug|Any CPU.ActiveCfg = Debug|Any CPU
		{542E9ABD-F770-49B2-B079-FA3E3A94BD4B}.Debug|Any CPU.Build.0 = Debug|Any CPU
		{542E9ABD-F770-49B2-B079-FA3E3A94BD4B}.Release|Any CPU.ActiveCfg = Release|Any CPU
		{542E9ABD-F770-49B2-B079-FA3E3A94BD4B}.Release|Any CPU.Build.0 = Release|Any CPU
		{3332C47A-2463-464D-83AC-6C7A9E3A9C99}.Debug|Any CPU.ActiveCfg = Debug|Any CPU
		{3332C47A-2463-464D-83AC-6C7A9E3A9C99}.Debug|Any CPU.Build.0 = Debug|Any CPU
		{3332C47A-2463-464D-83AC-6C7A9E3A9C99}.Release|Any CPU.ActiveCfg = Release|Any CPU
		{3332C47A-2463-464D-83AC-6C7A9E3A9C99}.Release|Any CPU.Build.0 = Release|Any CPU
		{A3B203DB-28E7-4BA8-9BBE-62EF09C47EEB}.Debug|Any CPU.ActiveCfg = Debug|Any CPU
		{A3B203DB-28E7-4BA8-9BBE-62EF09C47EEB}.Debug|Any CPU.Build.0 = Debug|Any CPU
		{A3B203DB-28E7-4BA8-9BBE-62EF09C47EEB}.Release|Any CPU.ActiveCfg = Release|Any CPU
		{A3B203DB-28E7-4BA8-9BBE-62EF09C47EEB}.Release|Any CPU.Build.0 = Release|Any CPU
	EndGlobalSection
	GlobalSection(SolutionProperties) = preSolution
		HideSolutionNode = FALSE
	EndGlobalSection
	GlobalSection(NestedProjects) = preSolution
		{B25049EB-7781-4761-8432-859F696C9AA7} = {7B63E0A8-9024-4D5A-919A-AC209D942CCC}
		{413337C0-0513-44DC-9C95-BCE49CA855EA} = {7B63E0A8-9024-4D5A-919A-AC209D942CCC}
		{56D771C5-CFC3-49A2-B077-C6BF125E44F3} = {B25049EB-7781-4761-8432-859F696C9AA7}
		{7C344CEB-1B2D-4B8E-AA26-83F711FCDD7C} = {B25049EB-7781-4761-8432-859F696C9AA7}
		{C0FD9D49-CC9D-4A40-9F67-43B088D6D334} = {B25049EB-7781-4761-8432-859F696C9AA7}
		{D0CE3E36-E6F2-444D-939A-F3F4BE7C8C0E} = {B25049EB-7781-4761-8432-859F696C9AA7}
		{E19D7D95-C94B-4536-B836-D707D0683C57} = {413337C0-0513-44DC-9C95-BCE49CA855EA}
		{301420E0-D00A-4AF2-AAD0-DA9807C1FA7E} = {413337C0-0513-44DC-9C95-BCE49CA855EA}
		{6B036274-9BBC-4D4B-99BF-10EA92C1AD05} = {413337C0-0513-44DC-9C95-BCE49CA855EA}
		{0B208A32-7402-4D45-89D5-EB19B92476C5} = {413337C0-0513-44DC-9C95-BCE49CA855EA}
		{5C66A912-E248-43BE-A1D6-FDD382584664} = {D0CE3E36-E6F2-444D-939A-F3F4BE7C8C0E}
		{77BFAC89-358C-451C-B193-B663902E8800} = {C0FD9D49-CC9D-4A40-9F67-43B088D6D334}
		{D93B1626-ECF7-4A48-870B-276C1B8E843E} = {7C344CEB-1B2D-4B8E-AA26-83F711FCDD7C}
		{0F0FDACE-9C3E-4F77-A960-16D0FBDAE75A} = {56D771C5-CFC3-49A2-B077-C6BF125E44F3}
		{90CABE02-603C-4E48-9457-E66DDCC24FA3} = {1C7A27B0-A4DD-4A99-8BEC-1A8192225F8C}
		{82FF78A4-BAC5-457A-9B63-77F112E568C4} = {E19D7D95-C94B-4536-B836-D707D0683C57}
		{542E9ABD-F770-49B2-B079-FA3E3A94BD4B} = {301420E0-D00A-4AF2-AAD0-DA9807C1FA7E}
		{3332C47A-2463-464D-83AC-6C7A9E3A9C99} = {6B036274-9BBC-4D4B-99BF-10EA92C1AD05}
		{A3B203DB-28E7-4BA8-9BBE-62EF09C47EEB} = {0B208A32-7402-4D45-89D5-EB19B92476C5}
	EndGlobalSection
	GlobalSection(ExtensibilityGlobals) = postSolution
		SolutionGuid = {6451599F-BDA3-43E5-A510-A30DB95FB14E}
	EndGlobalSection
EndGlobal
